
Microsoft Visual Studio Solution File, Format Version 12.00
# Visual Studio 15
VisualStudioVersion = 15.0.26403.3
MinimumVisualStudioVersion = 10.0.40219.1
Project("{FAE04EC0-301F-11D3-BF4B-00C04F79EFBC}") = "LbLServer", "LbLServer\LbLServer.csproj", "{FA7DDA8F-1756-4A67-BA47-CC735903008F}"
EndProject
Project("{2150E333-8FDC-42A3-9474-1A3956D46DE8}") = "01 Server", "01 Server", "{BD71D2AE-1624-4883-AC59-4F9217ED5F5B}"
EndProject
Project("{2150E333-8FDC-42A3-9474-1A3956D46DE8}") = "02 Service", "02 Service", "{8327131B-1F19-465C-85D7-AF8BA7BA575F}"
EndProject
Project("{2150E333-8FDC-42A3-9474-1A3956D46DE8}") = "03 Repository", "03 Repository", "{8BE7F59B-9027-4F1D-AB03-2C412FF39F18}"
EndProject
Project("{2150E333-8FDC-42A3-9474-1A3956D46DE8}") = "04 Model", "04 Model", "{B8A73D13-E0ED-4588-A8F6-97499D54126D}"
EndProject
Project("{FAE04EC0-301F-11D3-BF4B-00C04F79EFBC}") = "LbLService", "LbLService\LbLService.csproj", "{B3DE80D1-48DD-4FE7-B6A0-200D4F32BF92}"
EndProject
Project("{FAE04EC0-301F-11D3-BF4B-00C04F79EFBC}") = "LbL.Repository", "LbL.Repository\LbL.Repository.csproj", "{D256A6AB-20F5-45D2-8CCF-DBEFAF1DBBB8}"
EndProject
Project("{FAE04EC0-301F-11D3-BF4B-00C04F79EFBC}") = "LbLModel", "LbLModel\LbLModel.csproj", "{2BB753C1-17E8-4527-B234-D4649452701E}"
EndProject
Project("{FAE04EC0-301F-11D3-BF4B-00C04F79EFBC}") = "LbLRequestModel", "LbLRequestModel\LbLRequestModel.csproj", "{310AC430-66EB-428F-8716-57C9EC2835F8}"
EndProject
Project("{FAE04EC0-301F-11D3-BF4B-00C04F79EFBC}") = "LbL.ViewModel", "LbL.ViewModel\LbL.ViewModel.csproj", "{0371B424-9729-45C8-BCE9-E547F6247988}"
EndProject
Global
	GlobalSection(SolutionConfigurationPlatforms) = preSolution
		Debug|Any CPU = Debug|Any CPU
		Release|Any CPU = Release|Any CPU
	EndGlobalSection
	GlobalSection(ProjectConfigurationPlatforms) = postSolution
		{FA7DDA8F-1756-4A67-BA47-CC735903008F}.Debug|Any CPU.ActiveCfg = Debug|Any CPU
		{FA7DDA8F-1756-4A67-BA47-CC735903008F}.Debug|Any CPU.Build.0 = Debug|Any CPU
		{FA7DDA8F-1756-4A67-BA47-CC735903008F}.Release|Any CPU.ActiveCfg = Release|Any CPU
		{FA7DDA8F-1756-4A67-BA47-CC735903008F}.Release|Any CPU.Build.0 = Release|Any CPU
		{B3DE80D1-48DD-4FE7-B6A0-200D4F32BF92}.Debug|Any CPU.ActiveCfg = Debug|Any CPU
		{B3DE80D1-48DD-4FE7-B6A0-200D4F32BF92}.Debug|Any CPU.Build.0 = Debug|Any CPU
		{B3DE80D1-48DD-4FE7-B6A0-200D4F32BF92}.Release|Any CPU.ActiveCfg = Release|Any CPU
		{B3DE80D1-48DD-4FE7-B6A0-200D4F32BF92}.Release|Any CPU.Build.0 = Release|Any CPU
		{D256A6AB-20F5-45D2-8CCF-DBEFAF1DBBB8}.Debug|Any CPU.ActiveCfg = Debug|Any CPU
		{D256A6AB-20F5-45D2-8CCF-DBEFAF1DBBB8}.Debug|Any CPU.Build.0 = Debug|Any CPU
		{D256A6AB-20F5-45D2-8CCF-DBEFAF1DBBB8}.Release|Any CPU.ActiveCfg = Release|Any CPU
		{D256A6AB-20F5-45D2-8CCF-DBEFAF1DBBB8}.Release|Any CPU.Build.0 = Release|Any CPU
		{2BB753C1-17E8-4527-B234-D4649452701E}.Debug|Any CPU.ActiveCfg = Debug|Any CPU
		{2BB753C1-17E8-4527-B234-D4649452701E}.Debug|Any CPU.Build.0 = Debug|Any CPU
		{2BB753C1-17E8-4527-B234-D4649452701E}.Release|Any CPU.ActiveCfg = Release|Any CPU
		{2BB753C1-17E8-4527-B234-D4649452701E}.Release|Any CPU.Build.0 = Release|Any CPU
		{310AC430-66EB-428F-8716-57C9EC2835F8}.Debug|Any CPU.ActiveCfg = Debug|Any CPU
		{310AC430-66EB-428F-8716-57C9EC2835F8}.Debug|Any CPU.Build.0 = Debug|Any CPU
		{310AC430-66EB-428F-8716-57C9EC2835F8}.Release|Any CPU.ActiveCfg = Release|Any CPU
		{310AC430-66EB-428F-8716-57C9EC2835F8}.Release|Any CPU.Build.0 = Release|Any CPU
		{0371B424-9729-45C8-BCE9-E547F6247988}.Debug|Any CPU.ActiveCfg = Debug|Any CPU
		{0371B424-9729-45C8-BCE9-E547F6247988}.Debug|Any CPU.Build.0 = Debug|Any CPU
		{0371B424-9729-45C8-BCE9-E547F6247988}.Release|Any CPU.ActiveCfg = Release|Any CPU
		{0371B424-9729-45C8-BCE9-E547F6247988}.Release|Any CPU.Build.0 = Release|Any CPU
	EndGlobalSection
	GlobalSection(SolutionProperties) = preSolution
		HideSolutionNode = FALSE
	EndGlobalSection
	GlobalSection(NestedProjects) = preSolution
		{FA7DDA8F-1756-4A67-BA47-CC735903008F} = {BD71D2AE-1624-4883-AC59-4F9217ED5F5B}
		{B3DE80D1-48DD-4FE7-B6A0-200D4F32BF92} = {8327131B-1F19-465C-85D7-AF8BA7BA575F}
		{D256A6AB-20F5-45D2-8CCF-DBEFAF1DBBB8} = {8BE7F59B-9027-4F1D-AB03-2C412FF39F18}
		{2BB753C1-17E8-4527-B234-D4649452701E} = {B8A73D13-E0ED-4588-A8F6-97499D54126D}
		{310AC430-66EB-428F-8716-57C9EC2835F8} = {B8A73D13-E0ED-4588-A8F6-97499D54126D}
		{0371B424-9729-45C8-BCE9-E547F6247988} = {B8A73D13-E0ED-4588-A8F6-97499D54126D}
	EndGlobalSection
EndGlobal
